{
  "name": "storage",
  "version": "1.0.0",
  "lockfileVersion": 1,
  "requires": true,
  "dependencies": {
    "idb": {
      "version": "4.0.3",
      "resolved": "https://registry.npmjs.org/idb/-/idb-4.0.3.tgz",
      "integrity": "sha512-moRlNNe0Gsvp4jAwz5cJ7scjyNTVA/cESKGCobULaljfaKZ970y8NDNCseHdMY+YxNXH58Z1V+7tTyf0GZyKqw=="
    },
    "typescript": {
      "version": "3.5.2",
      "resolved": "https://registry.npmjs.org/typescript/-/typescript-3.5.2.tgz",
      "integrity": "sha512-7KxJovlYhTX5RaRbUdkAXN1KUZ8PwWlTzQdHV6xNqvuFOs7+WBo10TQUqT19Q/Jz2hk5v9TQDIhyLhhJY4p5AA==",
      "dev": true
    }
  }
}
